
Microsoft Visual Studio Solution File, Format Version 12.00
# Visual Studio Version 16
VisualStudioVersion = 16.0.30907.101
MinimumVisualStudioVersion = 10.0.40219.1
Project("{FAE04EC0-301F-11D3-BF4B-00C04F79EFBC}") = "task1", "task1\task1.csproj", "{0CF9BD96-21E9-48CC-91FB-B5C9BD422428}"
EndProject
Global
	GlobalSection(SolutionConfigurationPlatforms) = preSolution
		Debug|Any CPU = Debug|Any CPU
		Release|Any CPU = Release|Any CPU
	EndGlobalSection
	GlobalSection(ProjectConfigurationPlatforms) = postSolution
		{0CF9BD96-21E9-48CC-91FB-B5C9BD422428}.Debug|Any CPU.ActiveCfg = Debug|Any CPU
		{0CF9BD96-21E9-48CC-91FB-B5C9BD422428}.Debug|Any CPU.Build.0 = Debug|Any CPU
		{0CF9BD96-21E9-48CC-91FB-B5C9BD422428}.Release|Any CPU.ActiveCfg = Release|Any CPU
		{0CF9BD96-21E9-48CC-91FB-B5C9BD422428}.Release|Any CPU.Build.0 = Release|Any CPU
	EndGlobalSection
	GlobalSection(SolutionProperties) = preSolution
		HideSolutionNode = FALSE
	EndGlobalSection
	GlobalSection(ExtensibilityGlobals) = postSolution
		SolutionGuid = {88CDB7C5-C9CE-4DD2-9A50-293D640B7C36}
	EndGlobalSection
EndGlobal
