
Microsoft Visual Studio Solution File, Format Version 12.00
# Visual Studio Version 16
VisualStudioVersion = 16.0.31911.196
MinimumVisualStudioVersion = 10.0.40219.1
Project("{FAE04EC0-301F-11D3-BF4B-00C04F79EFBC}") = "task2", "task2\task2.csproj", "{93FA26C1-C047-40EA-BF50-6D32ACC9A6CA}"
EndProject
Global
	GlobalSection(SolutionConfigurationPlatforms) = preSolution
		Debug|Any CPU = Debug|Any CPU
		Release|Any CPU = Release|Any CPU
	EndGlobalSection
	GlobalSection(ProjectConfigurationPlatforms) = postSolution
		{93FA26C1-C047-40EA-BF50-6D32ACC9A6CA}.Debug|Any CPU.ActiveCfg = Debug|Any CPU
		{93FA26C1-C047-40EA-BF50-6D32ACC9A6CA}.Debug|Any CPU.Build.0 = Debug|Any CPU
		{93FA26C1-C047-40EA-BF50-6D32ACC9A6CA}.Release|Any CPU.ActiveCfg = Release|Any CPU
		{93FA26C1-C047-40EA-BF50-6D32ACC9A6CA}.Release|Any CPU.Build.0 = Release|Any CPU
	EndGlobalSection
	GlobalSection(SolutionProperties) = preSolution
		HideSolutionNode = FALSE
	EndGlobalSection
	GlobalSection(ExtensibilityGlobals) = postSolution
		SolutionGuid = {864BBE19-E861-4A45-91E2-A492A5E16528}
	EndGlobalSection
EndGlobal
